
Microsoft Visual Studio Solution File, Format Version 12.00
# Visual Studio Version 17
VisualStudioVersion = 17.2.32616.157
MinimumVisualStudioVersion = 10.0.40219.1
Project("{9A19103F-16F7-4668-BE54-9A1E7A4F7556}") = "eShopSolution.WebApp", "eShopSolution.WebApp\eShopSolution.WebApp.csproj", "{A2C4D3AD-087F-42F7-968B-E8BAA1C46E82}"
EndProject
Project("{2150E333-8FDC-42A3-9474-1A3956D46DE8}") = "0. Solution Items", "0. Solution Items", "{92787BCE-C229-45A9-ACFE-0F93F90C449E}"
	ProjectSection(SolutionItems) = preProject
		README.md = README.md
	EndProjectSection
EndProject
Project("{9A19103F-16F7-4668-BE54-9A1E7A4F7556}") = "eShopSolution.Data", "eShopSolution.Data\eShopSolution.Data.csproj", "{FE13A540-E9E1-4C79-9C8A-8C2DC27EE686}"
EndProject
Project("{9A19103F-16F7-4668-BE54-9A1E7A4F7556}") = "eShopsolution.Application", "eShopsolution.Application\eShopsolution.Application.csproj", "{4FE66BC8-AC1E-4655-B0A0-4138478A607F}"
EndProject
Project("{9A19103F-16F7-4668-BE54-9A1E7A4F7556}") = "eShopSolution.Utilities", "eShopSolution.Utilities\eShopSolution.Utilities.csproj", "{8707D517-97C2-4349-9F4B-572B534D2FB3}"
EndProject
Project("{9A19103F-16F7-4668-BE54-9A1E7A4F7556}") = "eShopSolution.ViewModels", "eShopSolution.ViewModels\eShopSolution.ViewModels.csproj", "{B37144EF-80B0-4A86-A105-3C31555DF1D1}"
EndProject
Project("{9A19103F-16F7-4668-BE54-9A1E7A4F7556}") = "eShopSolution.BackenApi", "eShopSolution.BackenApi\eShopSolution.BackenApi.csproj", "{11A550CC-AA25-4D51-B4D4-8A63E42FBD54}"
EndProject
Project("{2150E333-8FDC-42A3-9474-1A3956D46DE8}") = "1. Infrastruture", "1. Infrastruture", "{7FC1CF8F-53F5-4C2E-B35B-39356C0F48C3}"
EndProject
Project("{2150E333-8FDC-42A3-9474-1A3956D46DE8}") = "2. Domain", "2. Domain", "{13EDC675-5648-40F9-B37C-BC9FB4DCD17A}"
EndProject
Project("{2150E333-8FDC-42A3-9474-1A3956D46DE8}") = "3. Hosts", "3. Hosts", "{9BC89078-9CE1-4BEC-9598-93B73E669AE0}"
EndProject
Project("{FAE04EC0-301F-11D3-BF4B-00C04F79EFBC}") = "eShopSolution.AdminApp", "eShopSolution.AdminApp\eShopSolution.AdminApp.csproj", "{AF9D802C-2B89-4921-B0D0-F1747E5FDF25}"
EndProject
Global
	GlobalSection(SolutionConfigurationPlatforms) = preSolution
		Debug|Any CPU = Debug|Any CPU
		Release|Any CPU = Release|Any CPU
	EndGlobalSection
	GlobalSection(ProjectConfigurationPlatforms) = postSolution
		{A2C4D3AD-087F-42F7-968B-E8BAA1C46E82}.Debug|Any CPU.ActiveCfg = Debug|Any CPU
		{A2C4D3AD-087F-42F7-968B-E8BAA1C46E82}.Debug|Any CPU.Build.0 = Debug|Any CPU
		{A2C4D3AD-087F-42F7-968B-E8BAA1C46E82}.Release|Any CPU.ActiveCfg = Release|Any CPU
		{A2C4D3AD-087F-42F7-968B-E8BAA1C46E82}.Release|Any CPU.Build.0 = Release|Any CPU
		{FE13A540-E9E1-4C79-9C8A-8C2DC27EE686}.Debug|Any CPU.ActiveCfg = Debug|Any CPU
		{FE13A540-E9E1-4C79-9C8A-8C2DC27EE686}.Debug|Any CPU.Build.0 = Debug|Any CPU
		{FE13A540-E9E1-4C79-9C8A-8C2DC27EE686}.Release|Any CPU.ActiveCfg = Release|Any CPU
		{FE13A540-E9E1-4C79-9C8A-8C2DC27EE686}.Release|Any CPU.Build.0 = Release|Any CPU
		{4FE66BC8-AC1E-4655-B0A0-4138478A607F}.Debug|Any CPU.ActiveCfg = Debug|Any CPU
		{4FE66BC8-AC1E-4655-B0A0-4138478A607F}.Debug|Any CPU.Build.0 = Debug|Any CPU
		{4FE66BC8-AC1E-4655-B0A0-4138478A607F}.Release|Any CPU.ActiveCfg = Release|Any CPU
		{4FE66BC8-AC1E-4655-B0A0-4138478A607F}.Release|Any CPU.Build.0 = Release|Any CPU
		{8707D517-97C2-4349-9F4B-572B534D2FB3}.Debug|Any CPU.ActiveCfg = Debug|Any CPU
		{8707D517-97C2-4349-9F4B-572B534D2FB3}.Debug|Any CPU.Build.0 = Debug|Any CPU
		{8707D517-97C2-4349-9F4B-572B534D2FB3}.Release|Any CPU.ActiveCfg = Release|Any CPU
		{8707D517-97C2-4349-9F4B-572B534D2FB3}.Release|Any CPU.Build.0 = Release|Any CPU
		{B37144EF-80B0-4A86-A105-3C31555DF1D1}.Debug|Any CPU.ActiveCfg = Debug|Any CPU
		{B37144EF-80B0-4A86-A105-3C31555DF1D1}.Debug|Any CPU.Build.0 = Debug|Any CPU
		{B37144EF-80B0-4A86-A105-3C31555DF1D1}.Release|Any CPU.ActiveCfg = Release|Any CPU
		{B37144EF-80B0-4A86-A105-3C31555DF1D1}.Release|Any CPU.Build.0 = Release|Any CPU
		{11A550CC-AA25-4D51-B4D4-8A63E42FBD54}.Debug|Any CPU.ActiveCfg = Debug|Any CPU
		{11A550CC-AA25-4D51-B4D4-8A63E42FBD54}.Debug|Any CPU.Build.0 = Debug|Any CPU
		{11A550CC-AA25-4D51-B4D4-8A63E42FBD54}.Release|Any CPU.ActiveCfg = Release|Any CPU
		{11A550CC-AA25-4D51-B4D4-8A63E42FBD54}.Release|Any CPU.Build.0 = Release|Any CPU
		{AF9D802C-2B89-4921-B0D0-F1747E5FDF25}.Debug|Any CPU.ActiveCfg = Debug|Any CPU
		{AF9D802C-2B89-4921-B0D0-F1747E5FDF25}.Debug|Any CPU.Build.0 = Debug|Any CPU
		{AF9D802C-2B89-4921-B0D0-F1747E5FDF25}.Release|Any CPU.ActiveCfg = Release|Any CPU
		{AF9D802C-2B89-4921-B0D0-F1747E5FDF25}.Release|Any CPU.Build.0 = Release|Any CPU
	EndGlobalSection
	GlobalSection(SolutionProperties) = preSolution
		HideSolutionNode = FALSE
	EndGlobalSection
	GlobalSection(NestedProjects) = preSolution
		{A2C4D3AD-087F-42F7-968B-E8BAA1C46E82} = {9BC89078-9CE1-4BEC-9598-93B73E669AE0}
		{FE13A540-E9E1-4C79-9C8A-8C2DC27EE686} = {13EDC675-5648-40F9-B37C-BC9FB4DCD17A}
		{4FE66BC8-AC1E-4655-B0A0-4138478A607F} = {13EDC675-5648-40F9-B37C-BC9FB4DCD17A}
		{8707D517-97C2-4349-9F4B-572B534D2FB3} = {7FC1CF8F-53F5-4C2E-B35B-39356C0F48C3}
		{B37144EF-80B0-4A86-A105-3C31555DF1D1} = {7FC1CF8F-53F5-4C2E-B35B-39356C0F48C3}
		{11A550CC-AA25-4D51-B4D4-8A63E42FBD54} = {9BC89078-9CE1-4BEC-9598-93B73E669AE0}
		{AF9D802C-2B89-4921-B0D0-F1747E5FDF25} = {9BC89078-9CE1-4BEC-9598-93B73E669AE0}
	EndGlobalSection
	GlobalSection(ExtensibilityGlobals) = postSolution
		SolutionGuid = {D4D21720-37EB-401C-A493-0227BD3AB233}
	EndGlobalSection
EndGlobal
